
Microsoft Visual Studio Solution File, Format Version 12.00
# Visual Studio 15
VisualStudioVersion = 15.0.27004.2002
MinimumVisualStudioVersion = 10.0.40219.1
Project("{FAE04EC0-301F-11D3-BF4B-00C04F79EFBC}") = "WebSiteBanSach", "WebSiteBanSach\WebSiteBanSach.csproj", "{FFEE39C5-DF79-4B38-AB22-C8DA839444AF}"
EndProject
Global
	GlobalSection(SolutionConfigurationPlatforms) = preSolution
		Debug|Any CPU = Debug|Any CPU
		Release|Any CPU = Release|Any CPU
	EndGlobalSection
	GlobalSection(ProjectConfigurationPlatforms) = postSolution
		{FFEE39C5-DF79-4B38-AB22-C8DA839444AF}.Debug|Any CPU.ActiveCfg = Debug|Any CPU
		{FFEE39C5-DF79-4B38-AB22-C8DA839444AF}.Debug|Any CPU.Build.0 = Debug|Any CPU
		{FFEE39C5-DF79-4B38-AB22-C8DA839444AF}.Release|Any CPU.ActiveCfg = Release|Any CPU
		{FFEE39C5-DF79-4B38-AB22-C8DA839444AF}.Release|Any CPU.Build.0 = Release|Any CPU
	EndGlobalSection
	GlobalSection(SolutionProperties) = preSolution
		HideSolutionNode = FALSE
	EndGlobalSection
	GlobalSection(ExtensibilityGlobals) = postSolution
		SolutionGuid = {1A96E923-D8DF-442A-B67B-5713905FC6A3}
	EndGlobalSection
EndGlobal
